
Microsoft Visual Studio Solution File, Format Version 12.00
# Visual Studio 14
VisualStudioVersion = 14.0.24720.0
MinimumVisualStudioVersion = 10.0.40219.1
Project("{FAE04EC0-301F-11D3-BF4B-00C04F79EFBC}") = "QIRC", "Source\QIRC\QIRC.csproj", "{3C25C49A-7FF1-43B9-B4DA-BC9F81623D0B}"
EndProject
Project("{2150E333-8FDC-42A3-9474-1A3956D46DE8}") = "Dependencies", "Dependencies", "{8222DBE5-CB42-43D3-8872-72B6127C2697}"
	ProjectSection(SolutionItems) = preProject
		Dependencies\ChatSharp.dll = Dependencies\ChatSharp.dll
		Dependencies\Newtonsoft.Json.dll = Dependencies\Newtonsoft.Json.dll
	EndProjectSection
EndProject
Project("{2150E333-8FDC-42A3-9474-1A3956D46DE8}") = "Solution Items", "Solution Items", "{F098011A-3833-4028-B67D-3DE38391810C}"
	ProjectSection(SolutionItems) = preProject
		.gitattributes = .gitattributes
		.gitignore = .gitignore
		LICENSE = LICENSE
	EndProjectSection
EndProject
Project("{FAE04EC0-301F-11D3-BF4B-00C04F79EFBC}") = "QIRC.Logging", "Source\QIRC.Logging\QIRC.Logging.csproj", "{6B584DF1-42E8-43BF-B5C6-759C501CA9E7}"
EndProject
Project("{FAE04EC0-301F-11D3-BF4B-00C04F79EFBC}") = "QIRC.NickServ", "Source\QIRC.NickServ\QIRC.NickServ.csproj", "{E8D0C208-4D5F-4694-AD86-72D70D3F36DC}"
EndProject
Project("{FAE04EC0-301F-11D3-BF4B-00C04F79EFBC}") = "QIRC.Say", "Source\QIRC.Say\QIRC.Say.csproj", "{CE2C9D61-FA3C-4CC3-8338-D6319053414E}"
EndProject
Project("{FAE04EC0-301F-11D3-BF4B-00C04F79EFBC}") = "QIRC.Action", "Source\QIRC.Action\QIRC.Action.csproj", "{F70E226E-0E7F-4520-9407-57E9F861CE16}"
EndProject
Project("{2150E333-8FDC-42A3-9474-1A3956D46DE8}") = "Commands", "Commands", "{6F06FB95-2A03-4F27-9C75-BE059580F5EB}"
EndProject
Project("{FAE04EC0-301F-11D3-BF4B-00C04F79EFBC}") = "QIRC.Roll", "Source\QIRC.Roll\QIRC.Roll.csproj", "{9977B6DA-48A4-42AD-A072-6BB4984D26C0}"
EndProject
Project("{FAE04EC0-301F-11D3-BF4B-00C04F79EFBC}") = "QIRC.Help", "Source\QIRC.Help\QIRC.Help.csproj", "{C1D755FF-63F7-4748-84B2-0A134C7AB731}"
EndProject
Project("{FAE04EC0-301F-11D3-BF4B-00C04F79EFBC}") = "QIRC.Join", "Source\QIRC.Join\QIRC.Join.csproj", "{046AB02D-59B4-4D56-8C85-C9918C364A25}"
EndProject
Project("{FAE04EC0-301F-11D3-BF4B-00C04F79EFBC}") = "QIRC.Leave", "Source\QIRC.Leave\QIRC.Leave.csproj", "{E8B5B0FA-121C-4F4D-9AAC-4D6D878B484F}"
EndProject
Project("{FAE04EC0-301F-11D3-BF4B-00C04F79EFBC}") = "QIRC.Choose", "Source\QIRC.Choose\QIRC.Choose.csproj", "{C1C1DD53-E0B3-4748-A1EB-BCFB2BEF03F5}"
EndProject
Project("{FAE04EC0-301F-11D3-BF4B-00C04F79EFBC}") = "QIRC.Acronyms", "Source\QIRC.Acronyms\QIRC.Acronyms.csproj", "{FBBB0D49-98A2-42C1-B9BC-9FE7D0556694}"
EndProject
Project("{FAE04EC0-301F-11D3-BF4B-00C04F79EFBC}") = "QIRC.Google", "Source\QIRC.Google\QIRC.Google.csproj", "{1F638E4D-DA88-4EA3-96EA-06AC823043D6}"
EndProject
Project("{FAE04EC0-301F-11D3-BF4B-00C04F79EFBC}") = "QIRC.WolframAlpha", "Source\QIRC.WolframAlpha\QIRC.WolframAlpha.csproj", "{6C469CE3-FB64-4E36-AD77-40FEB9DC2BB5}"
EndProject
Project("{FAE04EC0-301F-11D3-BF4B-00C04F79EFBC}") = "QIRC.Modules", "Source\QIRC.Modules\QIRC.Modules.csproj", "{9ACCCB38-9475-4B72-BDCC-3D718FFAB8FF}"
EndProject
Project("{FAE04EC0-301F-11D3-BF4B-00C04F79EFBC}") = "QIRC.PSA", "Source\QIRC.PSA\QIRC.PSA.csproj", "{5F5444A0-342B-47E5-84F9-5C2DA8EF2051}"
EndProject
Project("{FAE04EC0-301F-11D3-BF4B-00C04F79EFBC}") = "QIRC.Seen", "Source\QIRC.Seen\QIRC.Seen.csproj", "{CC9570E0-7C64-45D0-9F0B-DD716F3D0230}"
EndProject
Project("{FAE04EC0-301F-11D3-BF4B-00C04F79EFBC}") = "QIRC.Tell", "Source\QIRC.Tell\QIRC.Tell.csproj", "{7EBDA50E-734C-4062-8038-7EC348340188}"
EndProject
Project("{FAE04EC0-301F-11D3-BF4B-00C04F79EFBC}") = "QIRC.CSharp", "Source\QIRC.CSharp\QIRC.CSharp.csproj", "{A619812B-E793-4A3F-B244-45D05BFB8D08}"
EndProject
Project("{FAE04EC0-301F-11D3-BF4B-00C04F79EFBC}") = "QIRC.FindReplace", "Source\QIRC.FindReplace\QIRC.FindReplace.csproj", "{B59A1371-7892-4CD3-999C-2280BBE7609D}"
EndProject
Project("{FAE04EC0-301F-11D3-BF4B-00C04F79EFBC}") = "QIRC.GitHub", "Source\QIRC.GitHub\QIRC.GitHub.csproj", "{7FF76F13-1745-418E-A01D-0801D2BBB9B6}"
EndProject
Global
	GlobalSection(SolutionConfigurationPlatforms) = preSolution
		Debug|Any CPU = Debug|Any CPU
		Release|Any CPU = Release|Any CPU
	EndGlobalSection
	GlobalSection(ProjectConfigurationPlatforms) = postSolution
		{3C25C49A-7FF1-43B9-B4DA-BC9F81623D0B}.Debug|Any CPU.ActiveCfg = Debug|Any CPU
		{3C25C49A-7FF1-43B9-B4DA-BC9F81623D0B}.Debug|Any CPU.Build.0 = Debug|Any CPU
		{3C25C49A-7FF1-43B9-B4DA-BC9F81623D0B}.Release|Any CPU.ActiveCfg = Release|Any CPU
		{3C25C49A-7FF1-43B9-B4DA-BC9F81623D0B}.Release|Any CPU.Build.0 = Release|Any CPU
		{6B584DF1-42E8-43BF-B5C6-759C501CA9E7}.Debug|Any CPU.ActiveCfg = Debug|Any CPU
		{6B584DF1-42E8-43BF-B5C6-759C501CA9E7}.Debug|Any CPU.Build.0 = Debug|Any CPU
		{6B584DF1-42E8-43BF-B5C6-759C501CA9E7}.Release|Any CPU.ActiveCfg = Release|Any CPU
		{6B584DF1-42E8-43BF-B5C6-759C501CA9E7}.Release|Any CPU.Build.0 = Release|Any CPU
		{E8D0C208-4D5F-4694-AD86-72D70D3F36DC}.Debug|Any CPU.ActiveCfg = Debug|Any CPU
		{E8D0C208-4D5F-4694-AD86-72D70D3F36DC}.Debug|Any CPU.Build.0 = Debug|Any CPU
		{E8D0C208-4D5F-4694-AD86-72D70D3F36DC}.Release|Any CPU.ActiveCfg = Release|Any CPU
		{E8D0C208-4D5F-4694-AD86-72D70D3F36DC}.Release|Any CPU.Build.0 = Release|Any CPU
		{CE2C9D61-FA3C-4CC3-8338-D6319053414E}.Debug|Any CPU.ActiveCfg = Debug|Any CPU
		{CE2C9D61-FA3C-4CC3-8338-D6319053414E}.Debug|Any CPU.Build.0 = Debug|Any CPU
		{CE2C9D61-FA3C-4CC3-8338-D6319053414E}.Release|Any CPU.ActiveCfg = Release|Any CPU
		{CE2C9D61-FA3C-4CC3-8338-D6319053414E}.Release|Any CPU.Build.0 = Release|Any CPU
		{F70E226E-0E7F-4520-9407-57E9F861CE16}.Debug|Any CPU.ActiveCfg = Debug|Any CPU
		{F70E226E-0E7F-4520-9407-57E9F861CE16}.Debug|Any CPU.Build.0 = Debug|Any CPU
		{F70E226E-0E7F-4520-9407-57E9F861CE16}.Release|Any CPU.ActiveCfg = Release|Any CPU
		{F70E226E-0E7F-4520-9407-57E9F861CE16}.Release|Any CPU.Build.0 = Release|Any CPU
		{9977B6DA-48A4-42AD-A072-6BB4984D26C0}.Debug|Any CPU.ActiveCfg = Debug|Any CPU
		{9977B6DA-48A4-42AD-A072-6BB4984D26C0}.Debug|Any CPU.Build.0 = Debug|Any CPU
		{9977B6DA-48A4-42AD-A072-6BB4984D26C0}.Release|Any CPU.ActiveCfg = Release|Any CPU
		{9977B6DA-48A4-42AD-A072-6BB4984D26C0}.Release|Any CPU.Build.0 = Release|Any CPU
		{C1D755FF-63F7-4748-84B2-0A134C7AB731}.Debug|Any CPU.ActiveCfg = Debug|Any CPU
		{C1D755FF-63F7-4748-84B2-0A134C7AB731}.Debug|Any CPU.Build.0 = Debug|Any CPU
		{C1D755FF-63F7-4748-84B2-0A134C7AB731}.Release|Any CPU.ActiveCfg = Release|Any CPU
		{C1D755FF-63F7-4748-84B2-0A134C7AB731}.Release|Any CPU.Build.0 = Release|Any CPU
		{046AB02D-59B4-4D56-8C85-C9918C364A25}.Debug|Any CPU.ActiveCfg = Debug|Any CPU
		{046AB02D-59B4-4D56-8C85-C9918C364A25}.Debug|Any CPU.Build.0 = Debug|Any CPU
		{046AB02D-59B4-4D56-8C85-C9918C364A25}.Release|Any CPU.ActiveCfg = Release|Any CPU
		{046AB02D-59B4-4D56-8C85-C9918C364A25}.Release|Any CPU.Build.0 = Release|Any CPU
		{E8B5B0FA-121C-4F4D-9AAC-4D6D878B484F}.Debug|Any CPU.ActiveCfg = Debug|Any CPU
		{E8B5B0FA-121C-4F4D-9AAC-4D6D878B484F}.Debug|Any CPU.Build.0 = Debug|Any CPU
		{E8B5B0FA-121C-4F4D-9AAC-4D6D878B484F}.Release|Any CPU.ActiveCfg = Release|Any CPU
		{E8B5B0FA-121C-4F4D-9AAC-4D6D878B484F}.Release|Any CPU.Build.0 = Release|Any CPU
		{C1C1DD53-E0B3-4748-A1EB-BCFB2BEF03F5}.Debug|Any CPU.ActiveCfg = Debug|Any CPU
		{C1C1DD53-E0B3-4748-A1EB-BCFB2BEF03F5}.Debug|Any CPU.Build.0 = Debug|Any CPU
		{C1C1DD53-E0B3-4748-A1EB-BCFB2BEF03F5}.Release|Any CPU.ActiveCfg = Release|Any CPU
		{C1C1DD53-E0B3-4748-A1EB-BCFB2BEF03F5}.Release|Any CPU.Build.0 = Release|Any CPU
		{FBBB0D49-98A2-42C1-B9BC-9FE7D0556694}.Debug|Any CPU.ActiveCfg = Debug|Any CPU
		{FBBB0D49-98A2-42C1-B9BC-9FE7D0556694}.Debug|Any CPU.Build.0 = Debug|Any CPU
		{FBBB0D49-98A2-42C1-B9BC-9FE7D0556694}.Release|Any CPU.ActiveCfg = Release|Any CPU
		{FBBB0D49-98A2-42C1-B9BC-9FE7D0556694}.Release|Any CPU.Build.0 = Release|Any CPU
		{1F638E4D-DA88-4EA3-96EA-06AC823043D6}.Debug|Any CPU.ActiveCfg = Debug|Any CPU
		{1F638E4D-DA88-4EA3-96EA-06AC823043D6}.Debug|Any CPU.Build.0 = Debug|Any CPU
		{1F638E4D-DA88-4EA3-96EA-06AC823043D6}.Release|Any CPU.ActiveCfg = Release|Any CPU
		{1F638E4D-DA88-4EA3-96EA-06AC823043D6}.Release|Any CPU.Build.0 = Release|Any CPU
		{6C469CE3-FB64-4E36-AD77-40FEB9DC2BB5}.Debug|Any CPU.ActiveCfg = Debug|Any CPU
		{6C469CE3-FB64-4E36-AD77-40FEB9DC2BB5}.Debug|Any CPU.Build.0 = Debug|Any CPU
		{6C469CE3-FB64-4E36-AD77-40FEB9DC2BB5}.Release|Any CPU.ActiveCfg = Release|Any CPU
		{6C469CE3-FB64-4E36-AD77-40FEB9DC2BB5}.Release|Any CPU.Build.0 = Release|Any CPU
		{9ACCCB38-9475-4B72-BDCC-3D718FFAB8FF}.Debug|Any CPU.ActiveCfg = Debug|Any CPU
		{9ACCCB38-9475-4B72-BDCC-3D718FFAB8FF}.Debug|Any CPU.Build.0 = Debug|Any CPU
		{9ACCCB38-9475-4B72-BDCC-3D718FFAB8FF}.Release|Any CPU.ActiveCfg = Release|Any CPU
		{9ACCCB38-9475-4B72-BDCC-3D718FFAB8FF}.Release|Any CPU.Build.0 = Release|Any CPU
		{5F5444A0-342B-47E5-84F9-5C2DA8EF2051}.Debug|Any CPU.ActiveCfg = Debug|Any CPU
		{5F5444A0-342B-47E5-84F9-5C2DA8EF2051}.Debug|Any CPU.Build.0 = Debug|Any CPU
		{5F5444A0-342B-47E5-84F9-5C2DA8EF2051}.Release|Any CPU.ActiveCfg = Release|Any CPU
		{5F5444A0-342B-47E5-84F9-5C2DA8EF2051}.Release|Any CPU.Build.0 = Release|Any CPU
		{CC9570E0-7C64-45D0-9F0B-DD716F3D0230}.Debug|Any CPU.ActiveCfg = Debug|Any CPU
		{CC9570E0-7C64-45D0-9F0B-DD716F3D0230}.Debug|Any CPU.Build.0 = Debug|Any CPU
		{CC9570E0-7C64-45D0-9F0B-DD716F3D0230}.Release|Any CPU.ActiveCfg = Release|Any CPU
		{CC9570E0-7C64-45D0-9F0B-DD716F3D0230}.Release|Any CPU.Build.0 = Release|Any CPU
		{7EBDA50E-734C-4062-8038-7EC348340188}.Debug|Any CPU.ActiveCfg = Debug|Any CPU
		{7EBDA50E-734C-4062-8038-7EC348340188}.Debug|Any CPU.Build.0 = Debug|Any CPU
		{7EBDA50E-734C-4062-8038-7EC348340188}.Release|Any CPU.ActiveCfg = Release|Any CPU
		{7EBDA50E-734C-4062-8038-7EC348340188}.Release|Any CPU.Build.0 = Release|Any CPU
		{A619812B-E793-4A3F-B244-45D05BFB8D08}.Debug|Any CPU.ActiveCfg = Debug|Any CPU
		{A619812B-E793-4A3F-B244-45D05BFB8D08}.Debug|Any CPU.Build.0 = Debug|Any CPU
		{A619812B-E793-4A3F-B244-45D05BFB8D08}.Release|Any CPU.ActiveCfg = Release|Any CPU
		{A619812B-E793-4A3F-B244-45D05BFB8D08}.Release|Any CPU.Build.0 = Release|Any CPU
		{B59A1371-7892-4CD3-999C-2280BBE7609D}.Debug|Any CPU.ActiveCfg = Debug|Any CPU
		{B59A1371-7892-4CD3-999C-2280BBE7609D}.Debug|Any CPU.Build.0 = Debug|Any CPU
		{B59A1371-7892-4CD3-999C-2280BBE7609D}.Release|Any CPU.ActiveCfg = Release|Any CPU
		{B59A1371-7892-4CD3-999C-2280BBE7609D}.Release|Any CPU.Build.0 = Release|Any CPU
		{7FF76F13-1745-418E-A01D-0801D2BBB9B6}.Debug|Any CPU.ActiveCfg = Debug|Any CPU
		{7FF76F13-1745-418E-A01D-0801D2BBB9B6}.Debug|Any CPU.Build.0 = Debug|Any CPU
		{7FF76F13-1745-418E-A01D-0801D2BBB9B6}.Release|Any CPU.ActiveCfg = Release|Any CPU
		{7FF76F13-1745-418E-A01D-0801D2BBB9B6}.Release|Any CPU.Build.0 = Release|Any CPU
	EndGlobalSection
	GlobalSection(SolutionProperties) = preSolution
		HideSolutionNode = FALSE
	EndGlobalSection
	GlobalSection(NestedProjects) = preSolution
		{CE2C9D61-FA3C-4CC3-8338-D6319053414E} = {6F06FB95-2A03-4F27-9C75-BE059580F5EB}
		{F70E226E-0E7F-4520-9407-57E9F861CE16} = {6F06FB95-2A03-4F27-9C75-BE059580F5EB}
		{9977B6DA-48A4-42AD-A072-6BB4984D26C0} = {6F06FB95-2A03-4F27-9C75-BE059580F5EB}
		{C1D755FF-63F7-4748-84B2-0A134C7AB731} = {6F06FB95-2A03-4F27-9C75-BE059580F5EB}
		{046AB02D-59B4-4D56-8C85-C9918C364A25} = {6F06FB95-2A03-4F27-9C75-BE059580F5EB}
		{E8B5B0FA-121C-4F4D-9AAC-4D6D878B484F} = {6F06FB95-2A03-4F27-9C75-BE059580F5EB}
		{C1C1DD53-E0B3-4748-A1EB-BCFB2BEF03F5} = {6F06FB95-2A03-4F27-9C75-BE059580F5EB}
		{FBBB0D49-98A2-42C1-B9BC-9FE7D0556694} = {6F06FB95-2A03-4F27-9C75-BE059580F5EB}
		{1F638E4D-DA88-4EA3-96EA-06AC823043D6} = {6F06FB95-2A03-4F27-9C75-BE059580F5EB}
		{6C469CE3-FB64-4E36-AD77-40FEB9DC2BB5} = {6F06FB95-2A03-4F27-9C75-BE059580F5EB}
		{9ACCCB38-9475-4B72-BDCC-3D718FFAB8FF} = {6F06FB95-2A03-4F27-9C75-BE059580F5EB}
		{5F5444A0-342B-47E5-84F9-5C2DA8EF2051} = {6F06FB95-2A03-4F27-9C75-BE059580F5EB}
		{CC9570E0-7C64-45D0-9F0B-DD716F3D0230} = {6F06FB95-2A03-4F27-9C75-BE059580F5EB}
		{7EBDA50E-734C-4062-8038-7EC348340188} = {6F06FB95-2A03-4F27-9C75-BE059580F5EB}
		{A619812B-E793-4A3F-B244-45D05BFB8D08} = {6F06FB95-2A03-4F27-9C75-BE059580F5EB}
		{7FF76F13-1745-418E-A01D-0801D2BBB9B6} = {6F06FB95-2A03-4F27-9C75-BE059580F5EB}
	EndGlobalSection
EndGlobal
